{
  "name": "howtoxiny",
  "lockfileVersion": 3,
  "requires": true,
  "packages": {
    "": {
      "devDependencies": {
        "@pagefind/modular-ui": "^1.3.0",
        "pagefind": "^1.3.0",
        "prettier": "^3.5.3",
        "prettier-plugin-go-template": "^0.0.15"
      }
    },
    "node_modules/@pagefind/darwin-arm64": {
      "version": "1.3.0",
      "resolved": "https://registry.npmjs.org/@pagefind/darwin-arm64/-/darwin-arm64-1.3.0.tgz",
      "integrity": "sha512-365BEGl6ChOsauRjyVpBjXybflXAOvoMROw3TucAROHIcdBvXk9/2AmEvGFU0r75+vdQI4LJdJdpH4Y6Yqaj4A==",
      "cpu": [
        "arm64"
      ],
      "dev": true,
      "license": "MIT",
      "optional": true,
      "os": [
        "darwin"
      ]
    },
    "node_modules/@pagefind/darwin-x64": {
      "version": "1.3.0",
      "resolved": "https://registry.npmjs.org/@pagefind/darwin-x64/-/darwin-x64-1.3.0.tgz",
      "integrity": "sha512-zlGHA23uuXmS8z3XxEGmbHpWDxXfPZ47QS06tGUq0HDcZjXjXHeLG+cboOy828QIV5FXsm9MjfkP5e4ZNbOkow==",
      "cpu": [
        "x64"
      ],
      "dev": true,
      "license": "MIT",
      "optional": true,
      "os": [
        "darwin"
      ]
    },
    "node_modules/@pagefind/linux-arm64": {
      "version": "1.3.0",
      "resolved": "https://registry.npmjs.org/@pagefind/linux-arm64/-/linux-arm64-1.3.0.tgz",
      "integrity": "sha512-8lsxNAiBRUk72JvetSBXs4WRpYrQrVJXjlRRnOL6UCdBN9Nlsz0t7hWstRk36+JqHpGWOKYiuHLzGYqYAqoOnQ==",
      "cpu": [
        "arm64"
      ],
      "dev": true,
      "license": "MIT",
      "optional": true,
      "os": [
        "linux"
      ]
    },
    "node_modules/@pagefind/linux-x64": {
      "version": "1.3.0",
      "resolved": "https://registry.npmjs.org/@pagefind/linux-x64/-/linux-x64-1.3.0.tgz",
      "integrity": "sha512-hAvqdPJv7A20Ucb6FQGE6jhjqy+vZ6pf+s2tFMNtMBG+fzcdc91uTw7aP/1Vo5plD0dAOHwdxfkyw0ugal4kcQ==",
      "cpu": [
        "x64"
      ],
      "dev": true,
      "license": "MIT",
      "optional": true,
      "os": [
        "linux"
      ]
    },
    "node_modules/@pagefind/modular-ui": {
      "version": "1.3.0",
      "resolved": "https://registry.npmjs.org/@pagefind/modular-ui/-/modular-ui-1.3.0.tgz",
      "integrity": "sha512-XJhLZAOrh0n+4nnn96ASogRjBWnZ3Ao0J1OgjU5PnsqFl+YZWrodp3j5Lx8EQ+UxiZgKy9XNeP1vC1GCFphLCg==",
      "dev": true,
      "license": "MIT"
    },
    "node_modules/@pagefind/windows-x64": {
      "version": "1.3.0",
      "resolved": "https://registry.npmjs.org/@pagefind/windows-x64/-/windows-x64-1.3.0.tgz",
      "integrity": "sha512-BR1bIRWOMqkf8IoU576YDhij1Wd/Zf2kX/kCI0b2qzCKC8wcc2GQJaaRMCpzvCCrmliO4vtJ6RITp/AnoYUUmQ==",
      "cpu": [
        "x64"
      ],
      "dev": true,
      "license": "MIT",
      "optional": true,
      "os": [
        "win32"
      ]
    },
    "node_modules/pagefind": {
      "version": "1.3.0",
      "resolved": "https://registry.npmjs.org/pagefind/-/pagefind-1.3.0.tgz",
      "integrity": "sha512-8KPLGT5g9s+olKMRTU9LFekLizkVIu9tes90O1/aigJ0T5LmyPqTzGJrETnSw3meSYg58YH7JTzhTTW/3z6VAw==",
      "dev": true,
      "license": "MIT",
      "bin": {
        "pagefind": "lib/runner/bin.cjs"
      },
      "optionalDependencies": {
        "@pagefind/darwin-arm64": "1.3.0",
        "@pagefind/darwin-x64": "1.3.0",
        "@pagefind/linux-arm64": "1.3.0",
        "@pagefind/linux-x64": "1.3.0",
        "@pagefind/windows-x64": "1.3.0"
      }
    },
    "node_modules/prettier": {
      "version": "3.5.3",
      "resolved": "https://registry.npmjs.org/prettier/-/prettier-3.5.3.tgz",
      "integrity": "sha512-QQtaxnoDJeAkDvDKWCLiwIXkTgRhwYDEQCghU9Z6q03iyek/rxRh/2lC3HB7P8sWT2xC/y5JDctPLBIGzHKbhw==",
      "dev": true,
      "license": "MIT",
      "bin": {
        "prettier": "bin/prettier.cjs"
      },
      "engines": {
        "node": ">=14"
      },
      "funding": {
        "url": "https://github.com/prettier/prettier?sponsor=1"
      }
    },
    "node_modules/prettier-plugin-go-template": {
      "version": "0.0.15",
      "resolved": "https://registry.npmjs.org/prettier-plugin-go-template/-/prettier-plugin-go-template-0.0.15.tgz",
      "integrity": "sha512-WqU92E1NokWYNZ9mLE6ijoRg6LtIGdLMePt2C7UBDjXeDH9okcRI3zRqtnWR4s5AloiqyvZ66jNBAa9tmRY5EQ==",
      "dev": true,
      "license": "MIT",
      "dependencies": {
        "ulid": "^2.3.0"
      },
      "engines": {
        "node": ">=14.0.0"
      },
      "peerDependencies": {
        "prettier": "^3.0.0"
      }
    },
    "node_modules/ulid": {
      "version": "2.4.0",
      "resolved": "https://registry.npmjs.org/ulid/-/ulid-2.4.0.tgz",
      "integrity": "sha512-fIRiVTJNcSRmXKPZtGzFQv9WRrZ3M9eoptl/teFJvjOzmpU+/K/JH6HZ8deBfb5vMEpicJcLn7JmvdknlMq7Zg==",
      "dev": true,
      "license": "MIT",
      "bin": {
        "ulid": "bin/cli.js"
      }
    }
  }
}
